// !$*UTF8*$!
{
	archiveVersion = 1;
	classes = {
	};
	objectVersion = 56;
	objects = {

/* Begin PBXBuildFile section */
		8152D8192C78AB1F00D284D9 /* DrawListView.swift in Sources */ = {isa = PBXBuildFile; fileRef = 8152D8182C78AB1F00D284D9 /* DrawListView.swift */; };
		8152D81D2C78AD9E00D284D9 /* DrawItemModel.swift in Sources */ = {isa = PBXBuildFile; fileRef = 8152D81C2C78AD9E00D284D9 /* DrawItemModel.swift */; };
		8152D81F2C78AE3800D284D9 /* DrawListViewModel.swift in Sources */ = {isa = PBXBuildFile; fileRef = 8152D81E2C78AE3800D284D9 /* DrawListViewModel.swift */; };
		8152D8212C78B22500D284D9 /* GenericAPIService.swift in Sources */ = {isa = PBXBuildFile; fileRef = 8152D8202C78B22500D284D9 /* GenericAPIService.swift */; };
		8152D8242C78BF9500D284D9 /* DependencyProvider.swift in Sources */ = {isa = PBXBuildFile; fileRef = 8152D8232C78BF9500D284D9 /* DependencyProvider.swift */; };
		8152D8262C78CB9100D284D9 /* DrawViewModelTests.swift in Sources */ = {isa = PBXBuildFile; fileRef = 8152D8252C78CB9100D284D9 /* DrawViewModelTests.swift */; };
		8153879D2C7A0D1800DED2B7 /* LocalizationService.swift in Sources */ = {isa = PBXBuildFile; fileRef = 8153879C2C7A0D1800DED2B7 /* LocalizationService.swift */; };
		8153879F2C7A0D8200DED2B7 /* RemoteLocalizationService.swift in Sources */ = {isa = PBXBuildFile; fileRef = 8153879E2C7A0D8200DED2B7 /* RemoteLocalizationService.swift */; };
		815387A12C7A102E00DED2B7 /* Localizable.xcstrings in Resources */ = {isa = PBXBuildFile; fileRef = 815387A02C7A102E00DED2B7 /* Localizable.xcstrings */; };
		815387A32C7A128A00DED2B7 /* LocalizableKeys.swift in Sources */ = {isa = PBXBuildFile; fileRef = 815387A22C7A128A00DED2B7 /* LocalizableKeys.swift */; };
		815387A52C7A1AE300DED2B7 /* LocalizationHelpers.swift in Sources */ = {isa = PBXBuildFile; fileRef = 815387A42C7A1AE300DED2B7 /* LocalizationHelpers.swift */; };
		815387A72C7B673800DED2B7 /* DrawListViewModelTests.swift in Sources */ = {isa = PBXBuildFile; fileRef = 815387A62C7B673800DED2B7 /* DrawListViewModelTests.swift */; };
		815387AB2C7BACBF00DED2B7 /* LotteryDrawDetailsView.swift in Sources */ = {isa = PBXBuildFile; fileRef = 815387AA2C7BACBF00DED2B7 /* LotteryDrawDetailsView.swift */; };
		815387AE2C7BB23600DED2B7 /* ArrayHelpers.swift in Sources */ = {isa = PBXBuildFile; fileRef = 815387AD2C7BB23600DED2B7 /* ArrayHelpers.swift */; };
		815387B02C7BB75100DED2B7 /* LotteryDrawDetailsViewModel.swift in Sources */ = {isa = PBXBuildFile; fileRef = 815387AF2C7BB75100DED2B7 /* LotteryDrawDetailsViewModel.swift */; };
		815387B22C7CBA1F00DED2B7 /* DrawCardView.swift in Sources */ = {isa = PBXBuildFile; fileRef = 815387B12C7CBA1F00DED2B7 /* DrawCardView.swift */; };
		815387B42C7CCE0500DED2B7 /* ArrayHelpersTests.swift in Sources */ = {isa = PBXBuildFile; fileRef = 815387B32C7CCE0500DED2B7 /* ArrayHelpersTests.swift */; };
		815387B62C7CCE8500DED2B7 /* NumberView.swift in Sources */ = {isa = PBXBuildFile; fileRef = 815387B52C7CCE8400DED2B7 /* NumberView.swift */; };
		815387B82C7CCEE900DED2B7 /* DrawListItemView.swift in Sources */ = {isa = PBXBuildFile; fileRef = 815387B72C7CCEE900DED2B7 /* DrawListItemView.swift */; };
		815387BA2C7CD5AC00DED2B7 /* LotteryServiceTests.swift in Sources */ = {isa = PBXBuildFile; fileRef = 815387B92C7CD5AC00DED2B7 /* LotteryServiceTests.swift */; };
		819148F72C7CDB3C00D4E560 /* LotteryDrawDetailsViewModelTests.swift in Sources */ = {isa = PBXBuildFile; fileRef = 819148F62C7CDB3C00D4E560 /* LotteryDrawDetailsViewModelTests.swift */; };
		819148F92C7CDB8500D4E560 /* MockServices.swift in Sources */ = {isa = PBXBuildFile; fileRef = 819148F82C7CDB8500D4E560 /* MockServices.swift */; };
		81B4B8712C7521E700D53085 /* LotteryDemoApp.swift in Sources */ = {isa = PBXBuildFile; fileRef = 81B4B8702C7521E700D53085 /* LotteryDemoApp.swift */; };
		81B4B8752C7521E800D53085 /* Assets.xcassets in Resources */ = {isa = PBXBuildFile; fileRef = 81B4B8742C7521E800D53085 /* Assets.xcassets */; };
		81B4B8782C7521E800D53085 /* Preview Assets.xcassets in Resources */ = {isa = PBXBuildFile; fileRef = 81B4B8772C7521E800D53085 /* Preview Assets.xcassets */; };
		81B4B89C2C7523A900D53085 /* LotteryService.swift in Sources */ = {isa = PBXBuildFile; fileRef = 81B4B89B2C7523A900D53085 /* LotteryService.swift */; };
		81B4B89F2C75272D00D53085 /* MockJSON.swift in Sources */ = {isa = PBXBuildFile; fileRef = 81B4B89E2C75272D00D53085 /* MockJSON.swift */; };
		81B4B8A22C752A6500D53085 /* Draw.swift in Sources */ = {isa = PBXBuildFile; fileRef = 81B4B8A12C752A6500D53085 /* Draw.swift */; };
		81B4B8A42C752BA200D53085 /* JSONDecoderFactory.swift in Sources */ = {isa = PBXBuildFile; fileRef = 81B4B8A32C752BA200D53085 /* JSONDecoderFactory.swift */; };
/* End PBXBuildFile section */

/* Begin PBXContainerItemProxy section */
		81B4B87E2C7521E900D53085 /* PBXContainerItemProxy */ = {
			isa = PBXContainerItemProxy;
			containerPortal = 81B4B8652C7521E700D53085 /* Project object */;
			proxyType = 1;
			remoteGlobalIDString = 81B4B86C2C7521E700D53085;
			remoteInfo = LotteryDemo;
		};
/* End PBXContainerItemProxy section */

/* Begin PBXFileReference section */
		8152D8182C78AB1F00D284D9 /* DrawListView.swift */ = {isa = PBXFileReference; lastKnownFileType = sourcecode.swift; path = DrawListView.swift; sourceTree = "<group>"; };
		8152D81C2C78AD9E00D284D9 /* DrawItemModel.swift */ = {isa = PBXFileReference; lastKnownFileType = sourcecode.swift; path = DrawItemModel.swift; sourceTree = "<group>"; };
		8152D81E2C78AE3800D284D9 /* DrawListViewModel.swift */ = {isa = PBXFileReference; lastKnownFileType = sourcecode.swift; path = DrawListViewModel.swift; sourceTree = "<group>"; };
		8152D8202C78B22500D284D9 /* GenericAPIService.swift */ = {isa = PBXFileReference; lastKnownFileType = sourcecode.swift; path = GenericAPIService.swift; sourceTree = "<group>"; };
		8152D8232C78BF9500D284D9 /* DependencyProvider.swift */ = {isa = PBXFileReference; lastKnownFileType = sourcecode.swift; path = DependencyProvider.swift; sourceTree = "<group>"; };
		8152D8252C78CB9100D284D9 /* DrawViewModelTests.swift */ = {isa = PBXFileReference; lastKnownFileType = sourcecode.swift; path = DrawViewModelTests.swift; sourceTree = "<group>"; };
		8153879C2C7A0D1800DED2B7 /* LocalizationService.swift */ = {isa = PBXFileReference; lastKnownFileType = sourcecode.swift; path = LocalizationService.swift; sourceTree = "<group>"; };
		8153879E2C7A0D8200DED2B7 /* RemoteLocalizationService.swift */ = {isa = PBXFileReference; lastKnownFileType = sourcecode.swift; path = RemoteLocalizationService.swift; sourceTree = "<group>"; };
		815387A02C7A102E00DED2B7 /* Localizable.xcstrings */ = {isa = PBXFileReference; lastKnownFileType = text.json.xcstrings; path = Localizable.xcstrings; sourceTree = "<group>"; };
		815387A22C7A128A00DED2B7 /* LocalizableKeys.swift */ = {isa = PBXFileReference; lastKnownFileType = sourcecode.swift; path = LocalizableKeys.swift; sourceTree = "<group>"; };
		815387A42C7A1AE300DED2B7 /* LocalizationHelpers.swift */ = {isa = PBXFileReference; lastKnownFileType = sourcecode.swift; path = LocalizationHelpers.swift; sourceTree = "<group>"; };
		815387A62C7B673800DED2B7 /* DrawListViewModelTests.swift */ = {isa = PBXFileReference; lastKnownFileType = sourcecode.swift; path = DrawListViewModelTests.swift; sourceTree = "<group>"; };
		815387AA2C7BACBF00DED2B7 /* LotteryDrawDetailsView.swift */ = {isa = PBXFileReference; lastKnownFileType = sourcecode.swift; path = LotteryDrawDetailsView.swift; sourceTree = "<group>"; };
		815387AD2C7BB23600DED2B7 /* ArrayHelpers.swift */ = {isa = PBXFileReference; lastKnownFileType = sourcecode.swift; path = ArrayHelpers.swift; sourceTree = "<group>"; };
		815387AF2C7BB75100DED2B7 /* LotteryDrawDetailsViewModel.swift */ = {isa = PBXFileReference; lastKnownFileType = sourcecode.swift; path = LotteryDrawDetailsViewModel.swift; sourceTree = "<group>"; };
		815387B12C7CBA1F00DED2B7 /* DrawCardView.swift */ = {isa = PBXFileReference; lastKnownFileType = sourcecode.swift; path = DrawCardView.swift; sourceTree = "<group>"; };
		815387B32C7CCE0500DED2B7 /* ArrayHelpersTests.swift */ = {isa = PBXFileReference; lastKnownFileType = sourcecode.swift; path = ArrayHelpersTests.swift; sourceTree = "<group>"; };
		815387B52C7CCE8400DED2B7 /* NumberView.swift */ = {isa = PBXFileReference; lastKnownFileType = sourcecode.swift; path = NumberView.swift; sourceTree = "<group>"; };
		815387B72C7CCEE900DED2B7 /* DrawListItemView.swift */ = {isa = PBXFileReference; lastKnownFileType = sourcecode.swift; path = DrawListItemView.swift; sourceTree = "<group>"; };
		815387B92C7CD5AC00DED2B7 /* LotteryServiceTests.swift */ = {isa = PBXFileReference; lastKnownFileType = sourcecode.swift; path = LotteryServiceTests.swift; sourceTree = "<group>"; };
		819148F62C7CDB3C00D4E560 /* LotteryDrawDetailsViewModelTests.swift */ = {isa = PBXFileReference; lastKnownFileType = sourcecode.swift; path = LotteryDrawDetailsViewModelTests.swift; sourceTree = "<group>"; };
		819148F82C7CDB8500D4E560 /* MockServices.swift */ = {isa = PBXFileReference; lastKnownFileType = sourcecode.swift; path = MockServices.swift; sourceTree = "<group>"; };
		81B4B86D2C7521E700D53085 /* LotteryDemo.app */ = {isa = PBXFileReference; explicitFileType = wrapper.application; includeInIndex = 0; path = LotteryDemo.app; sourceTree = BUILT_PRODUCTS_DIR; };
		81B4B8702C7521E700D53085 /* LotteryDemoApp.swift */ = {isa = PBXFileReference; lastKnownFileType = sourcecode.swift; path = LotteryDemoApp.swift; sourceTree = "<group>"; };
		81B4B8742C7521E800D53085 /* Assets.xcassets */ = {isa = PBXFileReference; lastKnownFileType = folder.assetcatalog; path = Assets.xcassets; sourceTree = "<group>"; };
		81B4B8772C7521E800D53085 /* Preview Assets.xcassets */ = {isa = PBXFileReference; lastKnownFileType = folder.assetcatalog; path = "Preview Assets.xcassets"; sourceTree = "<group>"; };
		81B4B87D2C7521E900D53085 /* LotteryDemoTests.xctest */ = {isa = PBXFileReference; explicitFileType = wrapper.cfbundle; includeInIndex = 0; path = LotteryDemoTests.xctest; sourceTree = BUILT_PRODUCTS_DIR; };
		81B4B89B2C7523A900D53085 /* LotteryService.swift */ = {isa = PBXFileReference; lastKnownFileType = sourcecode.swift; path = LotteryService.swift; sourceTree = "<group>"; };
		81B4B89E2C75272D00D53085 /* MockJSON.swift */ = {isa = PBXFileReference; lastKnownFileType = sourcecode.swift; path = MockJSON.swift; sourceTree = "<group>"; };
		81B4B8A12C752A6500D53085 /* Draw.swift */ = {isa = PBXFileReference; lastKnownFileType = sourcecode.swift; path = Draw.swift; sourceTree = "<group>"; };
		81B4B8A32C752BA200D53085 /* JSONDecoderFactory.swift */ = {isa = PBXFileReference; lastKnownFileType = sourcecode.swift; path = JSONDecoderFactory.swift; sourceTree = "<group>"; };
/* End PBXFileReference section */

/* Begin PBXFrameworksBuildPhase section */
		81B4B86A2C7521E700D53085 /* Frameworks */ = {
			isa = PBXFrameworksBuildPhase;
			buildActionMask = 2147483647;
			files = (
			);
			runOnlyForDeploymentPostprocessing = 0;
		};
		81B4B87A2C7521E900D53085 /* Frameworks */ = {
			isa = PBXFrameworksBuildPhase;
			buildActionMask = 2147483647;
			files = (
			);
			runOnlyForDeploymentPostprocessing = 0;
		};
/* End PBXFrameworksBuildPhase section */

/* Begin PBXGroup section */
		8152D8172C78AAF300D284D9 /* LotteryDraws */ = {
			isa = PBXGroup;
			children = (
				8152D81C2C78AD9E00D284D9 /* DrawItemModel.swift */,
				8152D8182C78AB1F00D284D9 /* DrawListView.swift */,
				8152D81E2C78AE3800D284D9 /* DrawListViewModel.swift */,
				815387B72C7CCEE900DED2B7 /* DrawListItemView.swift */,
			);
			path = LotteryDraws;
			sourceTree = "<group>";
		};
		8152D8222C78BED600D284D9 /* DependencyResolver */ = {
			isa = PBXGroup;
			children = (
				8152D8232C78BF9500D284D9 /* DependencyProvider.swift */,
			);
			path = DependencyResolver;
			sourceTree = "<group>";
		};
		8153879B2C7A0CDD00DED2B7 /* Localization */ = {
			isa = PBXGroup;
			children = (
				8153879C2C7A0D1800DED2B7 /* LocalizationService.swift */,
				8153879E2C7A0D8200DED2B7 /* RemoteLocalizationService.swift */,
				815387A02C7A102E00DED2B7 /* Localizable.xcstrings */,
				815387A22C7A128A00DED2B7 /* LocalizableKeys.swift */,
				815387A42C7A1AE300DED2B7 /* LocalizationHelpers.swift */,
			);
			path = Localization;
			sourceTree = "<group>";
		};
		815387A92C7BACA100DED2B7 /* LotteryDrawDetails */ = {
			isa = PBXGroup;
			children = (
				815387AF2C7BB75100DED2B7 /* LotteryDrawDetailsViewModel.swift */,
				815387AA2C7BACBF00DED2B7 /* LotteryDrawDetailsView.swift */,
				815387B12C7CBA1F00DED2B7 /* DrawCardView.swift */,
				815387B52C7CCE8400DED2B7 /* NumberView.swift */,
			);
			path = LotteryDrawDetails;
			sourceTree = "<group>";
		};
		815387AC2C7BB21500DED2B7 /* Utility */ = {
			isa = PBXGroup;
			children = (
				815387AD2C7BB23600DED2B7 /* ArrayHelpers.swift */,
			);
			path = Utility;
			sourceTree = "<group>";
		};
		81B4B8642C7521E700D53085 = {
			isa = PBXGroup;
			children = (
				81B4B86F2C7521E700D53085 /* LotteryDemo */,
				81B4B8802C7521E900D53085 /* LotteryDemoTests */,
				81B4B86E2C7521E700D53085 /* Products */,
			);
			sourceTree = "<group>";
		};
		81B4B86E2C7521E700D53085 /* Products */ = {
			isa = PBXGroup;
			children = (
				81B4B86D2C7521E700D53085 /* LotteryDemo.app */,
				81B4B87D2C7521E900D53085 /* LotteryDemoTests.xctest */,
			);
			name = Products;
			sourceTree = "<group>";
		};
		81B4B86F2C7521E700D53085 /* LotteryDemo */ = {
			isa = PBXGroup;
			children = (
				815387AC2C7BB21500DED2B7 /* Utility */,
				8153879B2C7A0CDD00DED2B7 /* Localization */,
				8152D8222C78BED600D284D9 /* DependencyResolver */,
				81B4B8A02C7529E900D53085 /* Models */,
				81B4B89D2C7526FF00D53085 /* MockData */,
				81B4B89A2C75224800D53085 /* Networking */,
				81B4B8702C7521E700D53085 /* LotteryDemoApp.swift */,
				8152D8172C78AAF300D284D9 /* LotteryDraws */,
				815387A92C7BACA100DED2B7 /* LotteryDrawDetails */,
				81B4B8742C7521E800D53085 /* Assets.xcassets */,
				81B4B8762C7521E800D53085 /* Preview Content */,
			);
			path = LotteryDemo;
			sourceTree = "<group>";
		};
		81B4B8762C7521E800D53085 /* Preview Content */ = {
			isa = PBXGroup;
			children = (
				81B4B8772C7521E800D53085 /* Preview Assets.xcassets */,
			);
			path = "Preview Content";
			sourceTree = "<group>";
		};
		81B4B8802C7521E900D53085 /* LotteryDemoTests */ = {
			isa = PBXGroup;
			children = (
				8152D8252C78CB9100D284D9 /* DrawViewModelTests.swift */,
				815387A62C7B673800DED2B7 /* DrawListViewModelTests.swift */,
				815387B32C7CCE0500DED2B7 /* ArrayHelpersTests.swift */,
				815387B92C7CD5AC00DED2B7 /* LotteryServiceTests.swift */,
				819148F62C7CDB3C00D4E560 /* LotteryDrawDetailsViewModelTests.swift */,
				819148F82C7CDB8500D4E560 /* MockServices.swift */,
			);
			path = LotteryDemoTests;
			sourceTree = "<group>";
		};
		81B4B89A2C75224800D53085 /* Networking */ = {
			isa = PBXGroup;
			children = (
				8152D8202C78B22500D284D9 /* GenericAPIService.swift */,
				81B4B89B2C7523A900D53085 /* LotteryService.swift */,
				81B4B8A32C752BA200D53085 /* JSONDecoderFactory.swift */,
			);
			path = Networking;
			sourceTree = "<group>";
		};
		81B4B89D2C7526FF00D53085 /* MockData */ = {
			isa = PBXGroup;
			children = (
				81B4B89E2C75272D00D53085 /* MockJSON.swift */,
			);
			path = MockData;
			sourceTree = "<group>";
		};
		81B4B8A02C7529E900D53085 /* Models */ = {
			isa = PBXGroup;
			children = (
				81B4B8A12C752A6500D53085 /* Draw.swift */,
			);
			path = Models;
			sourceTree = "<group>";
		};
/* End PBXGroup section */

/* Begin PBXNativeTarget section */
		81B4B86C2C7521E700D53085 /* LotteryDemo */ = {
			isa = PBXNativeTarget;
			buildConfigurationList = 81B4B8912C7521E900D53085 /* Build configuration list for PBXNativeTarget "LotteryDemo" */;
			buildPhases = (
				81B4B8692C7521E700D53085 /* Sources */,
				81B4B86A2C7521E700D53085 /* Frameworks */,
				81B4B86B2C7521E700D53085 /* Resources */,
			);
			buildRules = (
			);
			dependencies = (
			);
			name = LotteryDemo;
			productName = LotteryDemo;
			productReference = 81B4B86D2C7521E700D53085 /* LotteryDemo.app */;
			productType = "com.apple.product-type.application";
		};
		81B4B87C2C7521E900D53085 /* LotteryDemoTests */ = {
			isa = PBXNativeTarget;
			buildConfigurationList = 81B4B8942C7521E900D53085 /* Build configuration list for PBXNativeTarget "LotteryDemoTests" */;
			buildPhases = (
				81B4B8792C7521E900D53085 /* Sources */,
				81B4B87A2C7521E900D53085 /* Frameworks */,
				81B4B87B2C7521E900D53085 /* Resources */,
			);
			buildRules = (
			);
			dependencies = (
				81B4B87F2C7521E900D53085 /* PBXTargetDependency */,
			);
			name = LotteryDemoTests;
			productName = LotteryDemoTests;
			productReference = 81B4B87D2C7521E900D53085 /* LotteryDemoTests.xctest */;
			productType = "com.apple.product-type.bundle.unit-test";
		};
/* End PBXNativeTarget section */

/* Begin PBXProject section */
		81B4B8652C7521E700D53085 /* Project object */ = {
			isa = PBXProject;
			attributes = {
				BuildIndependentTargetsInParallel = 1;
				LastSwiftUpdateCheck = 1540;
				LastUpgradeCheck = 1540;
				TargetAttributes = {
					81B4B86C2C7521E700D53085 = {
						CreatedOnToolsVersion = 15.4;
					};
					81B4B87C2C7521E900D53085 = {
						CreatedOnToolsVersion = 15.4;
						TestTargetID = 81B4B86C2C7521E700D53085;
					};
				};
			};
			buildConfigurationList = 81B4B8682C7521E700D53085 /* Build configuration list for PBXProject "LotteryDemo" */;
			compatibilityVersion = "Xcode 14.0";
			developmentRegion = en;
			hasScannedForEncodings = 0;
			knownRegions = (
				en,
				Base,
			);
			mainGroup = 81B4B8642C7521E700D53085;
			productRefGroup = 81B4B86E2C7521E700D53085 /* Products */;
			projectDirPath = "";
			projectRoot = "";
			targets = (
				81B4B86C2C7521E700D53085 /* LotteryDemo */,
				81B4B87C2C7521E900D53085 /* LotteryDemoTests */,
			);
		};
/* End PBXProject section */

/* Begin PBXResourcesBuildPhase section */
		81B4B86B2C7521E700D53085 /* Resources */ = {
			isa = PBXResourcesBuildPhase;
			buildActionMask = 2147483647;
			files = (
				81B4B8782C7521E800D53085 /* Preview Assets.xcassets in Resources */,
				81B4B8752C7521E800D53085 /* Assets.xcassets in Resources */,
				815387A12C7A102E00DED2B7 /* Localizable.xcstrings in Resources */,
			);
			runOnlyForDeploymentPostprocessing = 0;
		};
		81B4B87B2C7521E900D53085 /* Resources */ = {
			isa = PBXResourcesBuildPhase;
			buildActionMask = 2147483647;
			files = (
			);
			runOnlyForDeploymentPostprocessing = 0;
		};
/* End PBXResourcesBuildPhase section */

/* Begin PBXSourcesBuildPhase section */
		81B4B8692C7521E700D53085 /* Sources */ = {
			isa = PBXSourcesBuildPhase;
			buildActionMask = 2147483647;
			files = (
				8152D81F2C78AE3800D284D9 /* DrawListViewModel.swift in Sources */,
				815387B62C7CCE8500DED2B7 /* NumberView.swift in Sources */,
				8153879D2C7A0D1800DED2B7 /* LocalizationService.swift in Sources */,
				815387B22C7CBA1F00DED2B7 /* DrawCardView.swift in Sources */,
				815387B02C7BB75100DED2B7 /* LotteryDrawDetailsViewModel.swift in Sources */,
				81B4B89F2C75272D00D53085 /* MockJSON.swift in Sources */,
				815387AB2C7BACBF00DED2B7 /* LotteryDrawDetailsView.swift in Sources */,
				81B4B8712C7521E700D53085 /* LotteryDemoApp.swift in Sources */,
				8153879F2C7A0D8200DED2B7 /* RemoteLocalizationService.swift in Sources */,
				81B4B89C2C7523A900D53085 /* LotteryService.swift in Sources */,
				81B4B8A22C752A6500D53085 /* Draw.swift in Sources */,
				8152D8212C78B22500D284D9 /* GenericAPIService.swift in Sources */,
				8152D8192C78AB1F00D284D9 /* DrawListView.swift in Sources */,
				815387B82C7CCEE900DED2B7 /* DrawListItemView.swift in Sources */,
				8152D81D2C78AD9E00D284D9 /* DrawItemModel.swift in Sources */,
				81B4B8A42C752BA200D53085 /* JSONDecoderFactory.swift in Sources */,
				815387A32C7A128A00DED2B7 /* LocalizableKeys.swift in Sources */,
				8152D8242C78BF9500D284D9 /* DependencyProvider.swift in Sources */,
				815387A52C7A1AE300DED2B7 /* LocalizationHelpers.swift in Sources */,
				815387AE2C7BB23600DED2B7 /* ArrayHelpers.swift in Sources */,
			);
			runOnlyForDeploymentPostprocessing = 0;
		};
		81B4B8792C7521E900D53085 /* Sources */ = {
			isa = PBXSourcesBuildPhase;
			buildActionMask = 2147483647;
			files = (
				815387A72C7B673800DED2B7 /* DrawListViewModelTests.swift in Sources */,
				815387B42C7CCE0500DED2B7 /* ArrayHelpersTests.swift in Sources */,
				8152D8262C78CB9100D284D9 /* DrawViewModelTests.swift in Sources */,
				815387BA2C7CD5AC00DED2B7 /* LotteryServiceTests.swift in Sources */,
				819148F72C7CDB3C00D4E560 /* LotteryDrawDetailsViewModelTests.swift in Sources */,
				819148F92C7CDB8500D4E560 /* MockServices.swift in Sources */,
			);
			runOnlyForDeploymentPostprocessing = 0;
		};
/* End PBXSourcesBuildPhase section */

/* Begin PBXTargetDependency section */
		81B4B87F2C7521E900D53085 /* PBXTargetDependency */ = {
			isa = PBXTargetDependency;
			target = 81B4B86C2C7521E700D53085 /* LotteryDemo */;
			targetProxy = 81B4B87E2C7521E900D53085 /* PBXContainerItemProxy */;
		};
/* End PBXTargetDependency section */

/* Begin XCBuildConfiguration section */
		81B4B88F2C7521E900D53085 /* Debug */ = {
			isa = XCBuildConfiguration;
			buildSettings = {
				ALWAYS_SEARCH_USER_PATHS = NO;
				ASSETCATALOG_COMPILER_GENERATE_SWIFT_ASSET_SYMBOL_EXTENSIONS = YES;
				CLANG_ANALYZER_NONNULL = YES;
				CLANG_ANALYZER_NUMBER_OBJECT_CONVERSION = YES_AGGRESSIVE;
				CLANG_CXX_LANGUAGE_STANDARD = "gnu++20";
				CLANG_ENABLE_MODULES = YES;
				CLANG_ENABLE_OBJC_ARC = YES;
				CLANG_ENABLE_OBJC_WEAK = YES;
				CLANG_WARN_BLOCK_CAPTURE_AUTORELEASING = YES;
				CLANG_WARN_BOOL_CONVERSION = YES;
				CLANG_WARN_COMMA = YES;
				CLANG_WARN_CONSTANT_CONVERSION = YES;
				CLANG_WARN_DEPRECATED_OBJC_IMPLEMENTATIONS = YES;
				CLANG_WARN_DIRECT_OBJC_ISA_USAGE = YES_ERROR;
				CLANG_WARN_DOCUMENTATION_COMMENTS = YES;
				CLANG_WARN_EMPTY_BODY = YES;
				CLANG_WARN_ENUM_CONVERSION = YES;
				CLANG_WARN_INFINITE_RECURSION = YES;
				CLANG_WARN_INT_CONVERSION = YES;
				CLANG_WARN_NON_LITERAL_NULL_CONVERSION = YES;
				CLANG_WARN_OBJC_IMPLICIT_RETAIN_SELF = YES;
				CLANG_WARN_OBJC_LITERAL_CONVERSION = YES;
				CLANG_WARN_OBJC_ROOT_CLASS = YES_ERROR;
				CLANG_WARN_QUOTED_INCLUDE_IN_FRAMEWORK_HEADER = YES;
				CLANG_WARN_RANGE_LOOP_ANALYSIS = YES;
				CLANG_WARN_STRICT_PROTOTYPES = YES;
				CLANG_WARN_SUSPICIOUS_MOVE = YES;
				CLANG_WARN_UNGUARDED_AVAILABILITY = YES_AGGRESSIVE;
				CLANG_WARN_UNREACHABLE_CODE = YES;
				CLANG_WARN__DUPLICATE_METHOD_MATCH = YES;
				COPY_PHASE_STRIP = NO;
				DEBUG_INFORMATION_FORMAT = dwarf;
				ENABLE_STRICT_OBJC_MSGSEND = YES;
				ENABLE_TESTABILITY = YES;
				ENABLE_USER_SCRIPT_SANDBOXING = YES;
				GCC_C_LANGUAGE_STANDARD = gnu17;
				GCC_DYNAMIC_NO_PIC = NO;
				GCC_NO_COMMON_BLOCKS = YES;
				GCC_OPTIMIZATION_LEVEL = 0;
				GCC_PREPROCESSOR_DEFINITIONS = (
					"DEBUG=1",
					"$(inherited)",
				);
				GCC_WARN_64_TO_32_BIT_CONVERSION = YES;
				GCC_WARN_ABOUT_RETURN_TYPE = YES_ERROR;
				GCC_WARN_UNDECLARED_SELECTOR = YES;
				GCC_WARN_UNINITIALIZED_AUTOS = YES_AGGRESSIVE;
				GCC_WARN_UNUSED_FUNCTION = YES;
				GCC_WARN_UNUSED_VARIABLE = YES;
				IPHONEOS_DEPLOYMENT_TARGET = 17.5;
				LOCALIZATION_PREFERS_STRING_CATALOGS = YES;
				MTL_ENABLE_DEBUG_INFO = INCLUDE_SOURCE;
				MTL_FAST_MATH = YES;
				ONLY_ACTIVE_ARCH = YES;
				SDKROOT = iphoneos;
				SWIFT_ACTIVE_COMPILATION_CONDITIONS = "DEBUG $(inherited)";
				SWIFT_OPTIMIZATION_LEVEL = "-Onone";
			};
			name = Debug;
		};
		81B4B8902C7521E900D53085 /* Release */ = {
			isa = XCBuildConfiguration;
			buildSettings = {
				ALWAYS_SEARCH_USER_PATHS = NO;
				ASSETCATALOG_COMPILER_GENERATE_SWIFT_ASSET_SYMBOL_EXTENSIONS = YES;
				CLANG_ANALYZER_NONNULL = YES;
				CLANG_ANALYZER_NUMBER_OBJECT_CONVERSION = YES_AGGRESSIVE;
				CLANG_CXX_LANGUAGE_STANDARD = "gnu++20";
				CLANG_ENABLE_MODULES = YES;
				CLANG_ENABLE_OBJC_ARC = YES;
				CLANG_ENABLE_OBJC_WEAK = YES;
				CLANG_WARN_BLOCK_CAPTURE_AUTORELEASING = YES;
				CLANG_WARN_BOOL_CONVERSION = YES;
				CLANG_WARN_COMMA = YES;
				CLANG_WARN_CONSTANT_CONVERSION = YES;
				CLANG_WARN_DEPRECATED_OBJC_IMPLEMENTATIONS = YES;
				CLANG_WARN_DIRECT_OBJC_ISA_USAGE = YES_ERROR;
				CLANG_WARN_DOCUMENTATION_COMMENTS = YES;
				CLANG_WARN_EMPTY_BODY = YES;
				CLANG_WARN_ENUM_CONVERSION = YES;
				CLANG_WARN_INFINITE_RECURSION = YES;
				CLANG_WARN_INT_CONVERSION = YES;
				CLANG_WARN_NON_LITERAL_NULL_CONVERSION = YES;
				CLANG_WARN_OBJC_IMPLICIT_RETAIN_SELF = YES;
				CLANG_WARN_OBJC_LITERAL_CONVERSION = YES;
				CLANG_WARN_OBJC_ROOT_CLASS = YES_ERROR;
				CLANG_WARN_QUOTED_INCLUDE_IN_FRAMEWORK_HEADER = YES;
				CLANG_WARN_RANGE_LOOP_ANALYSIS = YES;
				CLANG_WARN_STRICT_PROTOTYPES = YES;
				CLANG_WARN_SUSPICIOUS_MOVE = YES;
				CLANG_WARN_UNGUARDED_AVAILABILITY = YES_AGGRESSIVE;
				CLANG_WARN_UNREACHABLE_CODE = YES;
				CLANG_WARN__DUPLICATE_METHOD_MATCH = YES;
				COPY_PHASE_STRIP = NO;
				DEBUG_INFORMATION_FORMAT = "dwarf-with-dsym";
				ENABLE_NS_ASSERTIONS = NO;
				ENABLE_STRICT_OBJC_MSGSEND = YES;
				ENABLE_USER_SCRIPT_SANDBOXING = YES;
				GCC_C_LANGUAGE_STANDARD = gnu17;
				GCC_NO_COMMON_BLOCKS = YES;
				GCC_WARN_64_TO_32_BIT_CONVERSION = YES;
				GCC_WARN_ABOUT_RETURN_TYPE = YES_ERROR;
				GCC_WARN_UNDECLARED_SELECTOR = YES;
				GCC_WARN_UNINITIALIZED_AUTOS = YES_AGGRESSIVE;
				GCC_WARN_UNUSED_FUNCTION = YES;
				GCC_WARN_UNUSED_VARIABLE = YES;
				IPHONEOS_DEPLOYMENT_TARGET = 17.5;
				LOCALIZATION_PREFERS_STRING_CATALOGS = YES;
				MTL_ENABLE_DEBUG_INFO = NO;
				MTL_FAST_MATH = YES;
				SDKROOT = iphoneos;
				SWIFT_COMPILATION_MODE = wholemodule;
				VALIDATE_PRODUCT = YES;
			};
			name = Release;
		};
		81B4B8922C7521E900D53085 /* Debug */ = {
			isa = XCBuildConfiguration;
			buildSettings = {
				ASSETCATALOG_COMPILER_APPICON_NAME = AppIcon;
				ASSETCATALOG_COMPILER_GLOBAL_ACCENT_COLOR_NAME = AccentColor;
				CODE_SIGN_STYLE = Automatic;
				CURRENT_PROJECT_VERSION = 1;
				DEVELOPMENT_ASSET_PATHS = "\"LotteryDemo/Preview Content\"";
				DEVELOPMENT_TEAM = 62TM9F73ME;
				ENABLE_PREVIEWS = YES;
				GENERATE_INFOPLIST_FILE = YES;
				INFOPLIST_KEY_UIApplicationSceneManifest_Generation = YES;
				INFOPLIST_KEY_UIApplicationSupportsIndirectInputEvents = YES;
				INFOPLIST_KEY_UILaunchScreen_Generation = YES;
				INFOPLIST_KEY_UISupportedInterfaceOrientations_iPad = "UIInterfaceOrientationPortrait UIInterfaceOrientationPortraitUpsideDown UIInterfaceOrientationLandscapeLeft UIInterfaceOrientationLandscapeRight";
				INFOPLIST_KEY_UISupportedInterfaceOrientations_iPhone = "UIInterfaceOrientationPortrait UIInterfaceOrientationLandscapeLeft UIInterfaceOrientationLandscapeRight";
				LD_RUNPATH_SEARCH_PATHS = (
					"$(inherited)",
					"@executable_path/Frameworks",
				);
				MARKETING_VERSION = 1.0;
				PRODUCT_BUNDLE_IDENTIFIER = com.rukshanm.LotteryDemo;
				PRODUCT_NAME = "$(TARGET_NAME)";
				SWIFT_EMIT_LOC_STRINGS = YES;
				SWIFT_VERSION = 5.0;
				TARGETED_DEVICE_FAMILY = "1,2";
			};
			name = Debug;
		};
		81B4B8932C7521E900D53085 /* Release */ = {
			isa = XCBuildConfiguration;
			buildSettings = {
				ASSETCATALOG_COMPILER_APPICON_NAME = AppIcon;
				ASSETCATALOG_COMPILER_GLOBAL_ACCENT_COLOR_NAME = AccentColor;
				CODE_SIGN_STYLE = Automatic;
				CURRENT_PROJECT_VERSION = 1;
				DEVELOPMENT_ASSET_PATHS = "\"LotteryDemo/Preview Content\"";
				DEVELOPMENT_TEAM = 62TM9F73ME;
				ENABLE_PREVIEWS = YES;
				GENERATE_INFOPLIST_FILE = YES;
				INFOPLIST_KEY_UIApplicationSceneManifest_Generation = YES;
				INFOPLIST_KEY_UIApplicationSupportsIndirectInputEvents = YES;
				INFOPLIST_KEY_UILaunchScreen_Generation = YES;
				INFOPLIST_KEY_UISupportedInterfaceOrientations_iPad = "UIInterfaceOrientationPortrait UIInterfaceOrientationPortraitUpsideDown UIInterfaceOrientationLandscapeLeft UIInterfaceOrientationLandscapeRight";
				INFOPLIST_KEY_UISupportedInterfaceOrientations_iPhone = "UIInterfaceOrientationPortrait UIInterfaceOrientationLandscapeLeft UIInterfaceOrientationLandscapeRight";
				LD_RUNPATH_SEARCH_PATHS = (
					"$(inherited)",
					"@executable_path/Frameworks",
				);
				MARKETING_VERSION = 1.0;
				PRODUCT_BUNDLE_IDENTIFIER = com.rukshanm.LotteryDemo;
				PRODUCT_NAME = "$(TARGET_NAME)";
				SWIFT_EMIT_LOC_STRINGS = YES;
				SWIFT_VERSION = 5.0;
				TARGETED_DEVICE_FAMILY = "1,2";
			};
			name = Release;
		};
		81B4B8952C7521E900D53085 /* Debug */ = {
			isa = XCBuildConfiguration;
			buildSettings = {
				ALWAYS_EMBED_SWIFT_STANDARD_LIBRARIES = YES;
				BUNDLE_LOADER = "$(TEST_HOST)";
				CODE_SIGN_STYLE = Automatic;
				CURRENT_PROJECT_VERSION = 1;
				DEVELOPMENT_TEAM = 62TM9F73ME;
				GENERATE_INFOPLIST_FILE = YES;
				IPHONEOS_DEPLOYMENT_TARGET = 17.5;
				MARKETING_VERSION = 1.0;
				PRODUCT_BUNDLE_IDENTIFIER = com.rukshanm.LotteryDemoTests;
				PRODUCT_NAME = "$(TARGET_NAME)";
				SWIFT_EMIT_LOC_STRINGS = NO;
				SWIFT_VERSION = 5.0;
				TARGETED_DEVICE_FAMILY = "1,2";
				TEST_HOST = "$(BUILT_PRODUCTS_DIR)/LotteryDemo.app/$(BUNDLE_EXECUTABLE_FOLDER_PATH)/LotteryDemo";
			};
			name = Debug;
		};
		81B4B8962C7521E900D53085 /* Release */ = {
			isa = XCBuildConfiguration;
			buildSettings = {
				ALWAYS_EMBED_SWIFT_STANDARD_LIBRARIES = YES;
				BUNDLE_LOADER = "$(TEST_HOST)";
				CODE_SIGN_STYLE = Automatic;
				CURRENT_PROJECT_VERSION = 1;
				DEVELOPMENT_TEAM = 62TM9F73ME;
				GENERATE_INFOPLIST_FILE = YES;
				IPHONEOS_DEPLOYMENT_TARGET = 17.5;
				MARKETING_VERSION = 1.0;
				PRODUCT_BUNDLE_IDENTIFIER = com.rukshanm.LotteryDemoTests;
				PRODUCT_NAME = "$(TARGET_NAME)";
				SWIFT_EMIT_LOC_STRINGS = NO;
				SWIFT_VERSION = 5.0;
				TARGETED_DEVICE_FAMILY = "1,2";
				TEST_HOST = "$(BUILT_PRODUCTS_DIR)/LotteryDemo.app/$(BUNDLE_EXECUTABLE_FOLDER_PATH)/LotteryDemo";
			};
			name = Release;
		};
/* End XCBuildConfiguration section */

/* Begin XCConfigurationList section */
		81B4B8682C7521E700D53085 /* Build configuration list for PBXProject "LotteryDemo" */ = {
			isa = XCConfigurationList;
			buildConfigurations = (
				81B4B88F2C7521E900D53085 /* Debug */,
				81B4B8902C7521E900D53085 /* Release */,
			);
			defaultConfigurationIsVisible = 0;
			defaultConfigurationName = Release;
		};
		81B4B8912C7521E900D53085 /* Build configuration list for PBXNativeTarget "LotteryDemo" */ = {
			isa = XCConfigurationList;
			buildConfigurations = (
				81B4B8922C7521E900D53085 /* Debug */,
				81B4B8932C7521E900D53085 /* Release */,
			);
			defaultConfigurationIsVisible = 0;
			defaultConfigurationName = Release;
		};
		81B4B8942C7521E900D53085 /* Build configuration list for PBXNativeTarget "LotteryDemoTests" */ = {
			isa = XCConfigurationList;
			buildConfigurations = (
				81B4B8952C7521E900D53085 /* Debug */,
				81B4B8962C7521E900D53085 /* Release */,
			);
			defaultConfigurationIsVisible = 0;
			defaultConfigurationName = Release;
		};
/* End XCConfigurationList section */
	};
	rootObject = 81B4B8652C7521E700D53085 /* Project object */;
}
